
Microsoft Visual Studio Solution File, Format Version 12.00
# Visual Studio 15
VisualStudioVersion = 15.0.26730.12
MinimumVisualStudioVersion = 10.0.40219.1
Project("{FAE04EC0-301F-11D3-BF4B-00C04F79EFBC}") = "Kontakty.Android", "Kontakty\Kontakty.Android\Kontakty.Android.csproj", "{EF45D32B-DBF3-4B77-8CF2-AAB515F97924}"
EndProject
Project("{FAE04EC0-301F-11D3-BF4B-00C04F79EFBC}") = "Kontakty", "Kontakty\Kontakty\Kontakty.csproj", "{45891171-E92B-49F7-B1B4-CEC6A796753D}"
EndProject
Project("{FAE04EC0-301F-11D3-BF4B-00C04F79EFBC}") = "Kontakty.UWP", "Kontakty\Kontakty.UWP\Kontakty.UWP.csproj", "{5F339E5D-3C69-442E-BB1A-106F1BD62536}"
EndProject
Project("{FAE04EC0-301F-11D3-BF4B-00C04F79EFBC}") = "Kontakty.iOS", "Kontakty\Kontakty.iOS\Kontakty.iOS.csproj", "{6E1F81D8-7D7D-4AC5-B288-8A1E3A283086}"
EndProject
Global
	GlobalSection(SolutionConfigurationPlatforms) = preSolution
		Ad-Hoc|Any CPU = Ad-Hoc|Any CPU
		Ad-Hoc|ARM = Ad-Hoc|ARM
		Ad-Hoc|iPhone = Ad-Hoc|iPhone
		Ad-Hoc|iPhoneSimulator = Ad-Hoc|iPhoneSimulator
		Ad-Hoc|x64 = Ad-Hoc|x64
		Ad-Hoc|x86 = Ad-Hoc|x86
		AppStore|Any CPU = AppStore|Any CPU
		AppStore|ARM = AppStore|ARM
		AppStore|iPhone = AppStore|iPhone
		AppStore|iPhoneSimulator = AppStore|iPhoneSimulator
		AppStore|x64 = AppStore|x64
		AppStore|x86 = AppStore|x86
		Debug|Any CPU = Debug|Any CPU
		Debug|ARM = Debug|ARM
		Debug|iPhone = Debug|iPhone
		Debug|iPhoneSimulator = Debug|iPhoneSimulator
		Debug|x64 = Debug|x64
		Debug|x86 = Debug|x86
		Release|Any CPU = Release|Any CPU
		Release|ARM = Release|ARM
		Release|iPhone = Release|iPhone
		Release|iPhoneSimulator = Release|iPhoneSimulator
		Release|x64 = Release|x64
		Release|x86 = Release|x86
	EndGlobalSection
	GlobalSection(ProjectConfigurationPlatforms) = postSolution
		{EF45D32B-DBF3-4B77-8CF2-AAB515F97924}.Ad-Hoc|Any CPU.ActiveCfg = Release|Any CPU
		{EF45D32B-DBF3-4B77-8CF2-AAB515F97924}.Ad-Hoc|Any CPU.Build.0 = Release|Any CPU
		{EF45D32B-DBF3-4B77-8CF2-AAB515F97924}.Ad-Hoc|Any CPU.Deploy.0 = Release|Any CPU
		{EF45D32B-DBF3-4B77-8CF2-AAB515F97924}.Ad-Hoc|ARM.ActiveCfg = Release|Any CPU
		{EF45D32B-DBF3-4B77-8CF2-AAB515F97924}.Ad-Hoc|ARM.Build.0 = Release|Any CPU
		{EF45D32B-DBF3-4B77-8CF2-AAB515F97924}.Ad-Hoc|ARM.Deploy.0 = Release|Any CPU
		{EF45D32B-DBF3-4B77-8CF2-AAB515F97924}.Ad-Hoc|iPhone.ActiveCfg = Release|Any CPU
		{EF45D32B-DBF3-4B77-8CF2-AAB515F97924}.Ad-Hoc|iPhone.Build.0 = Release|Any CPU
		{EF45D32B-DBF3-4B77-8CF2-AAB515F97924}.Ad-Hoc|iPhone.Deploy.0 = Release|Any CPU
		{EF45D32B-DBF3-4B77-8CF2-AAB515F97924}.Ad-Hoc|iPhoneSimulator.ActiveCfg = Release|Any CPU
		{EF45D32B-DBF3-4B77-8CF2-AAB515F97924}.Ad-Hoc|iPhoneSimulator.Build.0 = Release|Any CPU
		{EF45D32B-DBF3-4B77-8CF2-AAB515F97924}.Ad-Hoc|iPhoneSimulator.Deploy.0 = Release|Any CPU
		{EF45D32B-DBF3-4B77-8CF2-AAB515F97924}.Ad-Hoc|x64.ActiveCfg = Release|Any CPU
		{EF45D32B-DBF3-4B77-8CF2-AAB515F97924}.Ad-Hoc|x64.Build.0 = Release|Any CPU
		{EF45D32B-DBF3-4B77-8CF2-AAB515F97924}.Ad-Hoc|x64.Deploy.0 = Release|Any CPU
		{EF45D32B-DBF3-4B77-8CF2-AAB515F97924}.Ad-Hoc|x86.ActiveCfg = Release|Any CPU
		{EF45D32B-DBF3-4B77-8CF2-AAB515F97924}.Ad-Hoc|x86.Build.0 = Release|Any CPU
		{EF45D32B-DBF3-4B77-8CF2-AAB515F97924}.Ad-Hoc|x86.Deploy.0 = Release|Any CPU
		{EF45D32B-DBF3-4B77-8CF2-AAB515F97924}.AppStore|Any CPU.ActiveCfg = Release|Any CPU
		{EF45D32B-DBF3-4B77-8CF2-AAB515F97924}.AppStore|Any CPU.Build.0 = Release|Any CPU
		{EF45D32B-DBF3-4B77-8CF2-AAB515F97924}.AppStore|Any CPU.Deploy.0 = Release|Any CPU
		{EF45D32B-DBF3-4B77-8CF2-AAB515F97924}.AppStore|ARM.ActiveCfg = Release|Any CPU
		{EF45D32B-DBF3-4B77-8CF2-AAB515F97924}.AppStore|ARM.Build.0 = Release|Any CPU
		{EF45D32B-DBF3-4B77-8CF2-AAB515F97924}.AppStore|ARM.Deploy.0 = Release|Any CPU
		{EF45D32B-DBF3-4B77-8CF2-AAB515F97924}.AppStore|iPhone.ActiveCfg = Release|Any CPU
		{EF45D32B-DBF3-4B77-8CF2-AAB515F97924}.AppStore|iPhone.Build.0 = Release|Any CPU
		{EF45D32B-DBF3-4B77-8CF2-AAB515F97924}.AppStore|iPhone.Deploy.0 = Release|Any CPU
		{EF45D32B-DBF3-4B77-8CF2-AAB515F97924}.AppStore|iPhoneSimulator.ActiveCfg = Release|Any CPU
		{EF45D32B-DBF3-4B77-8CF2-AAB515F97924}.AppStore|iPhoneSimulator.Build.0 = Release|Any CPU
		{EF45D32B-DBF3-4B77-8CF2-AAB515F97924}.AppStore|iPhoneSimulator.Deploy.0 = Release|Any CPU
		{EF45D32B-DBF3-4B77-8CF2-AAB515F97924}.AppStore|x64.ActiveCfg = Release|Any CPU
		{EF45D32B-DBF3-4B77-8CF2-AAB515F97924}.AppStore|x64.Build.0 = Release|Any CPU
		{EF45D32B-DBF3-4B77-8CF2-AAB515F97924}.AppStore|x64.Deploy.0 = Release|Any CPU
		{EF45D32B-DBF3-4B77-8CF2-AAB515F97924}.AppStore|x86.ActiveCfg = Release|Any CPU
		{EF45D32B-DBF3-4B77-8CF2-AAB515F97924}.AppStore|x86.Build.0 = Release|Any CPU
		{EF45D32B-DBF3-4B77-8CF2-AAB515F97924}.AppStore|x86.Deploy.0 = Release|Any CPU
		{EF45D32B-DBF3-4B77-8CF2-AAB515F97924}.Debug|Any CPU.ActiveCfg = Debug|Any CPU
		{EF45D32B-DBF3-4B77-8CF2-AAB515F97924}.Debug|Any CPU.Build.0 = Debug|Any CPU
		{EF45D32B-DBF3-4B77-8CF2-AAB515F97924}.Debug|Any CPU.Deploy.0 = Debug|Any CPU
		{EF45D32B-DBF3-4B77-8CF2-AAB515F97924}.Debug|ARM.ActiveCfg = Debug|Any CPU
		{EF45D32B-DBF3-4B77-8CF2-AAB515F97924}.Debug|ARM.Build.0 = Debug|Any CPU
		{EF45D32B-DBF3-4B77-8CF2-AAB515F97924}.Debug|ARM.Deploy.0 = Debug|Any CPU
		{EF45D32B-DBF3-4B77-8CF2-AAB515F97924}.Debug|iPhone.ActiveCfg = Debug|Any CPU
		{EF45D32B-DBF3-4B77-8CF2-AAB515F97924}.Debug|iPhone.Build.0 = Debug|Any CPU
		{EF45D32B-DBF3-4B77-8CF2-AAB515F97924}.Debug|iPhone.Deploy.0 = Debug|Any CPU
		{EF45D32B-DBF3-4B77-8CF2-AAB515F97924}.Debug|iPhoneSimulator.ActiveCfg = Debug|Any CPU
		{EF45D32B-DBF3-4B77-8CF2-AAB515F97924}.Debug|iPhoneSimulator.Build.0 = Debug|Any CPU
		{EF45D32B-DBF3-4B77-8CF2-AAB515F97924}.Debug|iPhoneSimulator.Deploy.0 = Debug|Any CPU
		{EF45D32B-DBF3-4B77-8CF2-AAB515F97924}.Debug|x64.ActiveCfg = Debug|Any CPU
		{EF45D32B-DBF3-4B77-8CF2-AAB515F97924}.Debug|x64.Build.0 = Debug|Any CPU
		{EF45D32B-DBF3-4B77-8CF2-AAB515F97924}.Debug|x64.Deploy.0 = Debug|Any CPU
		{EF45D32B-DBF3-4B77-8CF2-AAB515F97924}.Debug|x86.ActiveCfg = Debug|Any CPU
		{EF45D32B-DBF3-4B77-8CF2-AAB515F97924}.Debug|x86.Build.0 = Debug|Any CPU
		{EF45D32B-DBF3-4B77-8CF2-AAB515F97924}.Debug|x86.Deploy.0 = Debug|Any CPU
		{EF45D32B-DBF3-4B77-8CF2-AAB515F97924}.Release|Any CPU.ActiveCfg = Release|Any CPU
		{EF45D32B-DBF3-4B77-8CF2-AAB515F97924}.Release|Any CPU.Build.0 = Release|Any CPU
		{EF45D32B-DBF3-4B77-8CF2-AAB515F97924}.Release|Any CPU.Deploy.0 = Release|Any CPU
		{EF45D32B-DBF3-4B77-8CF2-AAB515F97924}.Release|ARM.ActiveCfg = Release|Any CPU
		{EF45D32B-DBF3-4B77-8CF2-AAB515F97924}.Release|ARM.Build.0 = Release|Any CPU
		{EF45D32B-DBF3-4B77-8CF2-AAB515F97924}.Release|ARM.Deploy.0 = Release|Any CPU
		{EF45D32B-DBF3-4B77-8CF2-AAB515F97924}.Release|iPhone.ActiveCfg = Release|Any CPU
		{EF45D32B-DBF3-4B77-8CF2-AAB515F97924}.Release|iPhone.Build.0 = Release|Any CPU
		{EF45D32B-DBF3-4B77-8CF2-AAB515F97924}.Release|iPhone.Deploy.0 = Release|Any CPU
		{EF45D32B-DBF3-4B77-8CF2-AAB515F97924}.Release|iPhoneSimulator.ActiveCfg = Release|Any CPU
		{EF45D32B-DBF3-4B77-8CF2-AAB515F97924}.Release|iPhoneSimulator.Build.0 = Release|Any CPU
		{EF45D32B-DBF3-4B77-8CF2-AAB515F97924}.Release|iPhoneSimulator.Deploy.0 = Release|Any CPU
		{EF45D32B-DBF3-4B77-8CF2-AAB515F97924}.Release|x64.ActiveCfg = Release|Any CPU
		{EF45D32B-DBF3-4B77-8CF2-AAB515F97924}.Release|x64.Build.0 = Release|Any CPU
		{EF45D32B-DBF3-4B77-8CF2-AAB515F97924}.Release|x64.Deploy.0 = Release|Any CPU
		{EF45D32B-DBF3-4B77-8CF2-AAB515F97924}.Release|x86.ActiveCfg = Release|Any CPU
		{EF45D32B-DBF3-4B77-8CF2-AAB515F97924}.Release|x86.Build.0 = Release|Any CPU
		{EF45D32B-DBF3-4B77-8CF2-AAB515F97924}.Release|x86.Deploy.0 = Release|Any CPU
		{45891171-E92B-49F7-B1B4-CEC6A796753D}.Ad-Hoc|Any CPU.ActiveCfg = Release|Any CPU
		{45891171-E92B-49F7-B1B4-CEC6A796753D}.Ad-Hoc|Any CPU.Build.0 = Release|Any CPU
		{45891171-E92B-49F7-B1B4-CEC6A796753D}.Ad-Hoc|ARM.ActiveCfg = Release|Any CPU
		{45891171-E92B-49F7-B1B4-CEC6A796753D}.Ad-Hoc|ARM.Build.0 = Release|Any CPU
		{45891171-E92B-49F7-B1B4-CEC6A796753D}.Ad-Hoc|iPhone.ActiveCfg = Release|Any CPU
		{45891171-E92B-49F7-B1B4-CEC6A796753D}.Ad-Hoc|iPhone.Build.0 = Release|Any CPU
		{45891171-E92B-49F7-B1B4-CEC6A796753D}.Ad-Hoc|iPhoneSimulator.ActiveCfg = Release|Any CPU
		{45891171-E92B-49F7-B1B4-CEC6A796753D}.Ad-Hoc|iPhoneSimulator.Build.0 = Release|Any CPU
		{45891171-E92B-49F7-B1B4-CEC6A796753D}.Ad-Hoc|x64.ActiveCfg = Release|Any CPU
		{45891171-E92B-49F7-B1B4-CEC6A796753D}.Ad-Hoc|x64.Build.0 = Release|Any CPU
		{45891171-E92B-49F7-B1B4-CEC6A796753D}.Ad-Hoc|x86.ActiveCfg = Release|Any CPU
		{45891171-E92B-49F7-B1B4-CEC6A796753D}.Ad-Hoc|x86.Build.0 = Release|Any CPU
		{45891171-E92B-49F7-B1B4-CEC6A796753D}.AppStore|Any CPU.ActiveCfg = Release|Any CPU
		{45891171-E92B-49F7-B1B4-CEC6A796753D}.AppStore|Any CPU.Build.0 = Release|Any CPU
		{45891171-E92B-49F7-B1B4-CEC6A796753D}.AppStore|ARM.ActiveCfg = Release|Any CPU
		{45891171-E92B-49F7-B1B4-CEC6A796753D}.AppStore|ARM.Build.0 = Release|Any CPU
		{45891171-E92B-49F7-B1B4-CEC6A796753D}.AppStore|iPhone.ActiveCfg = Release|Any CPU
		{45891171-E92B-49F7-B1B4-CEC6A796753D}.AppStore|iPhone.Build.0 = Release|Any CPU
		{45891171-E92B-49F7-B1B4-CEC6A796753D}.AppStore|iPhoneSimulator.ActiveCfg = Release|Any CPU
		{45891171-E92B-49F7-B1B4-CEC6A796753D}.AppStore|iPhoneSimulator.Build.0 = Release|Any CPU
		{45891171-E92B-49F7-B1B4-CEC6A796753D}.AppStore|x64.ActiveCfg = Release|Any CPU
		{45891171-E92B-49F7-B1B4-CEC6A796753D}.AppStore|x64.Build.0 = Release|Any CPU
		{45891171-E92B-49F7-B1B4-CEC6A796753D}.AppStore|x86.ActiveCfg = Release|Any CPU
		{45891171-E92B-49F7-B1B4-CEC6A796753D}.AppStore|x86.Build.0 = Release|Any CPU
		{45891171-E92B-49F7-B1B4-CEC6A796753D}.Debug|Any CPU.ActiveCfg = Debug|Any CPU
		{45891171-E92B-49F7-B1B4-CEC6A796753D}.Debug|Any CPU.Build.0 = Debug|Any CPU
		{45891171-E92B-49F7-B1B4-CEC6A796753D}.Debug|ARM.ActiveCfg = Debug|Any CPU
		{45891171-E92B-49F7-B1B4-CEC6A796753D}.Debug|ARM.Build.0 = Debug|Any CPU
		{45891171-E92B-49F7-B1B4-CEC6A796753D}.Debug|iPhone.ActiveCfg = Debug|Any CPU
		{45891171-E92B-49F7-B1B4-CEC6A796753D}.Debug|iPhone.Build.0 = Debug|Any CPU
		{45891171-E92B-49F7-B1B4-CEC6A796753D}.Debug|iPhoneSimulator.ActiveCfg = Debug|Any CPU
		{45891171-E92B-49F7-B1B4-CEC6A796753D}.Debug|iPhoneSimulator.Build.0 = Debug|Any CPU
		{45891171-E92B-49F7-B1B4-CEC6A796753D}.Debug|x64.ActiveCfg = Debug|Any CPU
		{45891171-E92B-49F7-B1B4-CEC6A796753D}.Debug|x64.Build.0 = Debug|Any CPU
		{45891171-E92B-49F7-B1B4-CEC6A796753D}.Debug|x86.ActiveCfg = Debug|Any CPU
		{45891171-E92B-49F7-B1B4-CEC6A796753D}.Debug|x86.Build.0 = Debug|Any CPU
		{45891171-E92B-49F7-B1B4-CEC6A796753D}.Release|Any CPU.ActiveCfg = Release|Any CPU
		{45891171-E92B-49F7-B1B4-CEC6A796753D}.Release|Any CPU.Build.0 = Release|Any CPU
		{45891171-E92B-49F7-B1B4-CEC6A796753D}.Release|ARM.ActiveCfg = Release|Any CPU
		{45891171-E92B-49F7-B1B4-CEC6A796753D}.Release|ARM.Build.0 = Release|Any CPU
		{45891171-E92B-49F7-B1B4-CEC6A796753D}.Release|iPhone.ActiveCfg = Release|Any CPU
		{45891171-E92B-49F7-B1B4-CEC6A796753D}.Release|iPhone.Build.0 = Release|Any CPU
		{45891171-E92B-49F7-B1B4-CEC6A796753D}.Release|iPhoneSimulator.ActiveCfg = Release|Any CPU
		{45891171-E92B-49F7-B1B4-CEC6A796753D}.Release|iPhoneSimulator.Build.0 = Release|Any CPU
		{45891171-E92B-49F7-B1B4-CEC6A796753D}.Release|x64.ActiveCfg = Release|Any CPU
		{45891171-E92B-49F7-B1B4-CEC6A796753D}.Release|x64.Build.0 = Release|Any CPU
		{45891171-E92B-49F7-B1B4-CEC6A796753D}.Release|x86.ActiveCfg = Release|Any CPU
		{45891171-E92B-49F7-B1B4-CEC6A796753D}.Release|x86.Build.0 = Release|Any CPU
		{5F339E5D-3C69-442E-BB1A-106F1BD62536}.Ad-Hoc|Any CPU.ActiveCfg = Release|x86
		{5F339E5D-3C69-442E-BB1A-106F1BD62536}.Ad-Hoc|Any CPU.Build.0 = Release|x86
		{5F339E5D-3C69-442E-BB1A-106F1BD62536}.Ad-Hoc|Any CPU.Deploy.0 = Release|x86
		{5F339E5D-3C69-442E-BB1A-106F1BD62536}.Ad-Hoc|ARM.ActiveCfg = Release|ARM
		{5F339E5D-3C69-442E-BB1A-106F1BD62536}.Ad-Hoc|ARM.Build.0 = Release|ARM
		{5F339E5D-3C69-442E-BB1A-106F1BD62536}.Ad-Hoc|ARM.Deploy.0 = Release|ARM
		{5F339E5D-3C69-442E-BB1A-106F1BD62536}.Ad-Hoc|iPhone.ActiveCfg = Release|x86
		{5F339E5D-3C69-442E-BB1A-106F1BD62536}.Ad-Hoc|iPhone.Build.0 = Release|x86
		{5F339E5D-3C69-442E-BB1A-106F1BD62536}.Ad-Hoc|iPhone.Deploy.0 = Release|x86
		{5F339E5D-3C69-442E-BB1A-106F1BD62536}.Ad-Hoc|iPhoneSimulator.ActiveCfg = Release|x86
		{5F339E5D-3C69-442E-BB1A-106F1BD62536}.Ad-Hoc|iPhoneSimulator.Build.0 = Release|x86
		{5F339E5D-3C69-442E-BB1A-106F1BD62536}.Ad-Hoc|iPhoneSimulator.Deploy.0 = Release|x86
		{5F339E5D-3C69-442E-BB1A-106F1BD62536}.Ad-Hoc|x64.ActiveCfg = Release|x64
		{5F339E5D-3C69-442E-BB1A-106F1BD62536}.Ad-Hoc|x64.Build.0 = Release|x64
		{5F339E5D-3C69-442E-BB1A-106F1BD62536}.Ad-Hoc|x64.Deploy.0 = Release|x64
		{5F339E5D-3C69-442E-BB1A-106F1BD62536}.Ad-Hoc|x86.ActiveCfg = Release|x86
		{5F339E5D-3C69-442E-BB1A-106F1BD62536}.Ad-Hoc|x86.Build.0 = Release|x86
		{5F339E5D-3C69-442E-BB1A-106F1BD62536}.Ad-Hoc|x86.Deploy.0 = Release|x86
		{5F339E5D-3C69-442E-BB1A-106F1BD62536}.AppStore|Any CPU.ActiveCfg = Release|x86
		{5F339E5D-3C69-442E-BB1A-106F1BD62536}.AppStore|Any CPU.Build.0 = Release|x86
		{5F339E5D-3C69-442E-BB1A-106F1BD62536}.AppStore|Any CPU.Deploy.0 = Release|x86
		{5F339E5D-3C69-442E-BB1A-106F1BD62536}.AppStore|ARM.ActiveCfg = Release|ARM
		{5F339E5D-3C69-442E-BB1A-106F1BD62536}.AppStore|ARM.Build.0 = Release|ARM
		{5F339E5D-3C69-442E-BB1A-106F1BD62536}.AppStore|ARM.Deploy.0 = Release|ARM
		{5F339E5D-3C69-442E-BB1A-106F1BD62536}.AppStore|iPhone.ActiveCfg = Release|x86
		{5F339E5D-3C69-442E-BB1A-106F1BD62536}.AppStore|iPhone.Build.0 = Release|x86
		{5F339E5D-3C69-442E-BB1A-106F1BD62536}.AppStore|iPhone.Deploy.0 = Release|x86
		{5F339E5D-3C69-442E-BB1A-106F1BD62536}.AppStore|iPhoneSimulator.ActiveCfg = Release|x86
		{5F339E5D-3C69-442E-BB1A-106F1BD62536}.AppStore|iPhoneSimulator.Build.0 = Release|x86
		{5F339E5D-3C69-442E-BB1A-106F1BD62536}.AppStore|iPhoneSimulator.Deploy.0 = Release|x86
		{5F339E5D-3C69-442E-BB1A-106F1BD62536}.AppStore|x64.ActiveCfg = Release|x64
		{5F339E5D-3C69-442E-BB1A-106F1BD62536}.AppStore|x64.Build.0 = Release|x64
		{5F339E5D-3C69-442E-BB1A-106F1BD62536}.AppStore|x64.Deploy.0 = Release|x64
		{5F339E5D-3C69-442E-BB1A-106F1BD62536}.AppStore|x86.ActiveCfg = Release|x86
		{5F339E5D-3C69-442E-BB1A-106F1BD62536}.AppStore|x86.Build.0 = Release|x86
		{5F339E5D-3C69-442E-BB1A-106F1BD62536}.AppStore|x86.Deploy.0 = Release|x86
		{5F339E5D-3C69-442E-BB1A-106F1BD62536}.Debug|Any CPU.ActiveCfg = Debug|x86
		{5F339E5D-3C69-442E-BB1A-106F1BD62536}.Debug|ARM.ActiveCfg = Debug|ARM
		{5F339E5D-3C69-442E-BB1A-106F1BD62536}.Debug|ARM.Build.0 = Debug|ARM
		{5F339E5D-3C69-442E-BB1A-106F1BD62536}.Debug|ARM.Deploy.0 = Debug|ARM
		{5F339E5D-3C69-442E-BB1A-106F1BD62536}.Debug|iPhone.ActiveCfg = Debug|x86
		{5F339E5D-3C69-442E-BB1A-106F1BD62536}.Debug|iPhoneSimulator.ActiveCfg = Debug|x86
		{5F339E5D-3C69-442E-BB1A-106F1BD62536}.Debug|x64.ActiveCfg = Debug|x64
		{5F339E5D-3C69-442E-BB1A-106F1BD62536}.Debug|x64.Build.0 = Debug|x64
		{5F339E5D-3C69-442E-BB1A-106F1BD62536}.Debug|x64.Deploy.0 = Debug|x64
		{5F339E5D-3C69-442E-BB1A-106F1BD62536}.Debug|x86.ActiveCfg = Debug|x86
		{5F339E5D-3C69-442E-BB1A-106F1BD62536}.Debug|x86.Build.0 = Debug|x86
		{5F339E5D-3C69-442E-BB1A-106F1BD62536}.Debug|x86.Deploy.0 = Debug|x86
		{5F339E5D-3C69-442E-BB1A-106F1BD62536}.Release|Any CPU.ActiveCfg = Release|x86
		{5F339E5D-3C69-442E-BB1A-106F1BD62536}.Release|ARM.ActiveCfg = Release|ARM
		{5F339E5D-3C69-442E-BB1A-106F1BD62536}.Release|ARM.Build.0 = Release|ARM
		{5F339E5D-3C69-442E-BB1A-106F1BD62536}.Release|ARM.Deploy.0 = Release|ARM
		{5F339E5D-3C69-442E-BB1A-106F1BD62536}.Release|iPhone.ActiveCfg = Release|x86
		{5F339E5D-3C69-442E-BB1A-106F1BD62536}.Release|iPhoneSimulator.ActiveCfg = Release|x86
		{5F339E5D-3C69-442E-BB1A-106F1BD62536}.Release|x64.ActiveCfg = Release|x64
		{5F339E5D-3C69-442E-BB1A-106F1BD62536}.Release|x64.Build.0 = Release|x64
		{5F339E5D-3C69-442E-BB1A-106F1BD62536}.Release|x64.Deploy.0 = Release|x64
		{5F339E5D-3C69-442E-BB1A-106F1BD62536}.Release|x86.ActiveCfg = Release|x86
		{5F339E5D-3C69-442E-BB1A-106F1BD62536}.Release|x86.Build.0 = Release|x86
		{5F339E5D-3C69-442E-BB1A-106F1BD62536}.Release|x86.Deploy.0 = Release|x86
		{6E1F81D8-7D7D-4AC5-B288-8A1E3A283086}.Ad-Hoc|Any CPU.ActiveCfg = Ad-Hoc|iPhone
		{6E1F81D8-7D7D-4AC5-B288-8A1E3A283086}.Ad-Hoc|ARM.ActiveCfg = Ad-Hoc|iPhone
		{6E1F81D8-7D7D-4AC5-B288-8A1E3A283086}.Ad-Hoc|iPhone.ActiveCfg = Ad-Hoc|iPhone
		{6E1F81D8-7D7D-4AC5-B288-8A1E3A283086}.Ad-Hoc|iPhone.Build.0 = Ad-Hoc|iPhone
		{6E1F81D8-7D7D-4AC5-B288-8A1E3A283086}.Ad-Hoc|iPhoneSimulator.ActiveCfg = Ad-Hoc|iPhoneSimulator
		{6E1F81D8-7D7D-4AC5-B288-8A1E3A283086}.Ad-Hoc|iPhoneSimulator.Build.0 = Ad-Hoc|iPhoneSimulator
		{6E1F81D8-7D7D-4AC5-B288-8A1E3A283086}.Ad-Hoc|x64.ActiveCfg = Ad-Hoc|iPhone
		{6E1F81D8-7D7D-4AC5-B288-8A1E3A283086}.Ad-Hoc|x86.ActiveCfg = Ad-Hoc|iPhone
		{6E1F81D8-7D7D-4AC5-B288-8A1E3A283086}.AppStore|Any CPU.ActiveCfg = AppStore|iPhone
		{6E1F81D8-7D7D-4AC5-B288-8A1E3A283086}.AppStore|ARM.ActiveCfg = AppStore|iPhone
		{6E1F81D8-7D7D-4AC5-B288-8A1E3A283086}.AppStore|iPhone.ActiveCfg = AppStore|iPhone
		{6E1F81D8-7D7D-4AC5-B288-8A1E3A283086}.AppStore|iPhone.Build.0 = AppStore|iPhone
		{6E1F81D8-7D7D-4AC5-B288-8A1E3A283086}.AppStore|iPhoneSimulator.ActiveCfg = AppStore|iPhoneSimulator
		{6E1F81D8-7D7D-4AC5-B288-8A1E3A283086}.AppStore|iPhoneSimulator.Build.0 = AppStore|iPhoneSimulator
		{6E1F81D8-7D7D-4AC5-B288-8A1E3A283086}.AppStore|x64.ActiveCfg = AppStore|iPhone
		{6E1F81D8-7D7D-4AC5-B288-8A1E3A283086}.AppStore|x86.ActiveCfg = AppStore|iPhone
		{6E1F81D8-7D7D-4AC5-B288-8A1E3A283086}.Debug|Any CPU.ActiveCfg = Debug|iPhone
		{6E1F81D8-7D7D-4AC5-B288-8A1E3A283086}.Debug|ARM.ActiveCfg = Debug|iPhone
		{6E1F81D8-7D7D-4AC5-B288-8A1E3A283086}.Debug|iPhone.ActiveCfg = Debug|iPhone
		{6E1F81D8-7D7D-4AC5-B288-8A1E3A283086}.Debug|iPhone.Build.0 = Debug|iPhone
		{6E1F81D8-7D7D-4AC5-B288-8A1E3A283086}.Debug|iPhoneSimulator.ActiveCfg = Debug|iPhoneSimulator
		{6E1F81D8-7D7D-4AC5-B288-8A1E3A283086}.Debug|iPhoneSimulator.Build.0 = Debug|iPhoneSimulator
		{6E1F81D8-7D7D-4AC5-B288-8A1E3A283086}.Debug|x64.ActiveCfg = Debug|iPhone
		{6E1F81D8-7D7D-4AC5-B288-8A1E3A283086}.Debug|x86.ActiveCfg = Debug|iPhone
		{6E1F81D8-7D7D-4AC5-B288-8A1E3A283086}.Release|Any CPU.ActiveCfg = Release|iPhone
		{6E1F81D8-7D7D-4AC5-B288-8A1E3A283086}.Release|ARM.ActiveCfg = Release|iPhone
		{6E1F81D8-7D7D-4AC5-B288-8A1E3A283086}.Release|iPhone.ActiveCfg = Release|iPhone
		{6E1F81D8-7D7D-4AC5-B288-8A1E3A283086}.Release|iPhone.Build.0 = Release|iPhone
		{6E1F81D8-7D7D-4AC5-B288-8A1E3A283086}.Release|iPhoneSimulator.ActiveCfg = Release|iPhoneSimulator
		{6E1F81D8-7D7D-4AC5-B288-8A1E3A283086}.Release|iPhoneSimulator.Build.0 = Release|iPhoneSimulator
		{6E1F81D8-7D7D-4AC5-B288-8A1E3A283086}.Release|x64.ActiveCfg = Release|iPhone
		{6E1F81D8-7D7D-4AC5-B288-8A1E3A283086}.Release|x86.ActiveCfg = Release|iPhone
	EndGlobalSection
	GlobalSection(SolutionProperties) = preSolution
		HideSolutionNode = FALSE
	EndGlobalSection
	GlobalSection(ExtensibilityGlobals) = postSolution
		SolutionGuid = {DBBAD134-2706-4096-82AD-ED7631FA8136}
	EndGlobalSection
EndGlobal
